
Microsoft Visual Studio Solution File, Format Version 12.00
# Visual Studio Version 16
VisualStudioVersion = 16.0.31911.196
MinimumVisualStudioVersion = 10.0.40219.1
Project("{8BC9CEB8-8B4A-11D0-8D11-00A0C91BC942}") = "vcmalloc_bench", "vcmalloc_bench\vcmalloc_bench.vcxproj", "{7BBC8394-95CC-46FF-8F29-ED80188B50CC}"
EndProject
Project("{8BC9CEB8-8B4A-11D0-8D11-00A0C91BC942}") = "vcmalloc_bench_cuda", "vcmalloc_bench_cuda\vcmalloc_bench_cuda.vcxproj", "{D78F4854-99D6-4BA1-A141-2926B4B4045C}"
EndProject
Global
	GlobalSection(SolutionConfigurationPlatforms) = preSolution
		Debug|x64 = Debug|x64
		Debug|x86 = Debug|x86
		Release|x64 = Release|x64
		Release|x86 = Release|x86
	EndGlobalSection
	GlobalSection(ProjectConfigurationPlatforms) = postSolution
		{7BBC8394-95CC-46FF-8F29-ED80188B50CC}.Debug|x64.ActiveCfg = Debug|x64
		{7BBC8394-95CC-46FF-8F29-ED80188B50CC}.Debug|x64.Build.0 = Debug|x64
		{7BBC8394-95CC-46FF-8F29-ED80188B50CC}.Debug|x86.ActiveCfg = Debug|Win32
		{7BBC8394-95CC-46FF-8F29-ED80188B50CC}.Debug|x86.Build.0 = Debug|Win32
		{7BBC8394-95CC-46FF-8F29-ED80188B50CC}.Release|x64.ActiveCfg = Release|x64
		{7BBC8394-95CC-46FF-8F29-ED80188B50CC}.Release|x64.Build.0 = Release|x64
		{7BBC8394-95CC-46FF-8F29-ED80188B50CC}.Release|x86.ActiveCfg = Release|Win32
		{7BBC8394-95CC-46FF-8F29-ED80188B50CC}.Release|x86.Build.0 = Release|Win32
		{D78F4854-99D6-4BA1-A141-2926B4B4045C}.Debug|x64.ActiveCfg = Debug|x64
		{D78F4854-99D6-4BA1-A141-2926B4B4045C}.Debug|x64.Build.0 = Debug|x64
		{D78F4854-99D6-4BA1-A141-2926B4B4045C}.Debug|x86.ActiveCfg = Debug|x64
		{D78F4854-99D6-4BA1-A141-2926B4B4045C}.Release|x64.ActiveCfg = Release|x64
		{D78F4854-99D6-4BA1-A141-2926B4B4045C}.Release|x64.Build.0 = Release|x64
		{D78F4854-99D6-4BA1-A141-2926B4B4045C}.Release|x86.ActiveCfg = Release|x64
	EndGlobalSection
	GlobalSection(SolutionProperties) = preSolution
		HideSolutionNode = FALSE
	EndGlobalSection
	GlobalSection(ExtensibilityGlobals) = postSolution
		SolutionGuid = {08DA975B-078E-41C1-B5A4-6B6DF375164F}
	EndGlobalSection
EndGlobal
